
Microsoft Visual Studio Solution File, Format Version 12.00
# Visual Studio Version 17
VisualStudioVersion = 17.8.34525.116
MinimumVisualStudioVersion = 10.0.40219.1
Project("{FAE04EC0-301F-11D3-BF4B-00C04F79EFBC}") = "WebApplication1", "WebApplication1\WebApplication1.csproj", "{5D7C5B96-4F18-473D-9580-025F0A7DED41}"
EndProject
Global
	GlobalSection(SolutionConfigurationPlatforms) = preSolution
		Debug|Any CPU = Debug|Any CPU
		Release|Any CPU = Release|Any CPU
	EndGlobalSection
	GlobalSection(ProjectConfigurationPlatforms) = postSolution
		{5D7C5B96-4F18-473D-9580-025F0A7DED41}.Debug|Any CPU.ActiveCfg = Debug|Any CPU
		{5D7C5B96-4F18-473D-9580-025F0A7DED41}.Debug|Any CPU.Build.0 = Debug|Any CPU
		{5D7C5B96-4F18-473D-9580-025F0A7DED41}.Release|Any CPU.ActiveCfg = Release|Any CPU
		{5D7C5B96-4F18-473D-9580-025F0A7DED41}.Release|Any CPU.Build.0 = Release|Any CPU
	EndGlobalSection
	GlobalSection(SolutionProperties) = preSolution
		HideSolutionNode = FALSE
	EndGlobalSection
	GlobalSection(ExtensibilityGlobals) = postSolution
		SolutionGuid = {93465124-2628-4C6D-91C0-3F20FF14F8A8}
	EndGlobalSection
EndGlobal
